
Microsoft Visual Studio Solution File, Format Version 12.00
# Visual Studio Version 16
VisualStudioVersion = 16.0.32002.261
MinimumVisualStudioVersion = 10.0.40219.1
Project("{9A19103F-16F7-4668-BE54-9A1E7A4F7556}") = "CipherSharp", "CipherSharp\CipherSharp.csproj", "{8DD6213A-8417-4357-B8BF-4C6AEAD4E41F}"
EndProject
Project("{9A19103F-16F7-4668-BE54-9A1E7A4F7556}") = "CipherSharp.Ciphers", "CipherSharp.Ciphers\CipherSharp.Ciphers.csproj", "{1149B5C8-9F32-4C6C-84CB-DECBD6DFAC76}"
EndProject
Project("{9A19103F-16F7-4668-BE54-9A1E7A4F7556}") = "CipherSharp.Utility", "CipherSharp.Utility\CipherSharp.Utility.csproj", "{BA2B2F94-F0A4-4405-83D9-37FB3B240209}"
EndProject
Project("{2150E333-8FDC-42A3-9474-1A3956D46DE8}") = "app", "app", "{8DD9B5EC-14B4-4451-9C33-61D55CCF680B}"
EndProject
Project("{2150E333-8FDC-42A3-9474-1A3956D46DE8}") = "tests", "tests", "{EA5217DA-16A4-454C-BDF1-9D0917BEBF84}"
EndProject
Project("{2150E333-8FDC-42A3-9474-1A3956D46DE8}") = "libs", "libs", "{12F94B51-C717-4568-85FB-A7E12B678EE9}"
EndProject
Project("{9A19103F-16F7-4668-BE54-9A1E7A4F7556}") = "CipherSharp.Ciphers.Tests", "CipherSharp.Ciphers.Tests\CipherSharp.Ciphers.Tests.csproj", "{307FB8F3-F148-43D7-853E-BC33C6F23F24}"
EndProject
Project("{9A19103F-16F7-4668-BE54-9A1E7A4F7556}") = "CipherSharp.Utility.Tests", "CipherSharp.Utility.Tests\CipherSharp.Utility.Tests.csproj", "{DD4DD2AA-01CA-4B5B-B775-E0383CC418C0}"
EndProject
Project("{2150E333-8FDC-42A3-9474-1A3956D46DE8}") = "benchmarks", "benchmarks", "{021B53A3-74E4-4FE0-9C1D-70500A7B68F1}"
EndProject
Project("{9A19103F-16F7-4668-BE54-9A1E7A4F7556}") = "CipherSharp.Ciphers.Benchmarks", "CipherSharp.Ciphers.Benchmarks\CipherSharp.Ciphers.Benchmarks.csproj", "{1D4FFA5B-8CDE-4027-992F-3119E4F3E837}"
EndProject
Project("{9A19103F-16F7-4668-BE54-9A1E7A4F7556}") = "CipherSharp.Utility.Benchmarks", "CipherSharp.Utility.Benchmarks\CipherSharp.Utility.Benchmarks.csproj", "{FF4FA482-6123-4681-A7E9-035DE3BDD500}"
EndProject
Project("{9A19103F-16F7-4668-BE54-9A1E7A4F7556}") = "CipherSharp.Attacks.Tests", "CipherSharp.Attacks.Tests\CipherSharp.Attacks.Tests.csproj", "{29579E4C-2E4D-4FFF-80DD-0065678A33E6}"
EndProject
Project("{9A19103F-16F7-4668-BE54-9A1E7A4F7556}") = "CipherSharp.Attacks", "CipherSharp.Attacks\CipherSharp.Attacks.csproj", "{AD3712EB-AE48-4A07-8874-49D6868E7BCB}"
EndProject
Project("{FAE04EC0-301F-11D3-BF4B-00C04F79EFBC}") = "CipherSharp.Web", "CipherSharp.Web\CipherSharp.Web.csproj", "{629FD990-65A6-4ED7-A2BD-E77FEC93D75B}"
EndProject
Project("{FAE04EC0-301F-11D3-BF4B-00C04F79EFBC}") = "CipherSharp.Web.Tests", "CipherSharp.Web.Tests\CipherSharp.Web.Tests.csproj", "{51FDD172-E604-422D-8769-192B7DEB4C09}"
EndProject
Global
	GlobalSection(SolutionConfigurationPlatforms) = preSolution
		Debug|Any CPU = Debug|Any CPU
		Release|Any CPU = Release|Any CPU
	EndGlobalSection
	GlobalSection(ProjectConfigurationPlatforms) = postSolution
		{8DD6213A-8417-4357-B8BF-4C6AEAD4E41F}.Debug|Any CPU.ActiveCfg = Debug|Any CPU
		{8DD6213A-8417-4357-B8BF-4C6AEAD4E41F}.Debug|Any CPU.Build.0 = Debug|Any CPU
		{8DD6213A-8417-4357-B8BF-4C6AEAD4E41F}.Release|Any CPU.ActiveCfg = Release|Any CPU
		{8DD6213A-8417-4357-B8BF-4C6AEAD4E41F}.Release|Any CPU.Build.0 = Release|Any CPU
		{1149B5C8-9F32-4C6C-84CB-DECBD6DFAC76}.Debug|Any CPU.ActiveCfg = Debug|Any CPU
		{1149B5C8-9F32-4C6C-84CB-DECBD6DFAC76}.Debug|Any CPU.Build.0 = Debug|Any CPU
		{1149B5C8-9F32-4C6C-84CB-DECBD6DFAC76}.Release|Any CPU.ActiveCfg = Release|Any CPU
		{1149B5C8-9F32-4C6C-84CB-DECBD6DFAC76}.Release|Any CPU.Build.0 = Release|Any CPU
		{BA2B2F94-F0A4-4405-83D9-37FB3B240209}.Debug|Any CPU.ActiveCfg = Debug|Any CPU
		{BA2B2F94-F0A4-4405-83D9-37FB3B240209}.Debug|Any CPU.Build.0 = Debug|Any CPU
		{BA2B2F94-F0A4-4405-83D9-37FB3B240209}.Release|Any CPU.ActiveCfg = Release|Any CPU
		{BA2B2F94-F0A4-4405-83D9-37FB3B240209}.Release|Any CPU.Build.0 = Release|Any CPU
		{307FB8F3-F148-43D7-853E-BC33C6F23F24}.Debug|Any CPU.ActiveCfg = Debug|Any CPU
		{307FB8F3-F148-43D7-853E-BC33C6F23F24}.Debug|Any CPU.Build.0 = Debug|Any CPU
		{307FB8F3-F148-43D7-853E-BC33C6F23F24}.Release|Any CPU.ActiveCfg = Release|Any CPU
		{307FB8F3-F148-43D7-853E-BC33C6F23F24}.Release|Any CPU.Build.0 = Release|Any CPU
		{DD4DD2AA-01CA-4B5B-B775-E0383CC418C0}.Debug|Any CPU.ActiveCfg = Debug|Any CPU
		{DD4DD2AA-01CA-4B5B-B775-E0383CC418C0}.Debug|Any CPU.Build.0 = Debug|Any CPU
		{DD4DD2AA-01CA-4B5B-B775-E0383CC418C0}.Release|Any CPU.ActiveCfg = Release|Any CPU
		{DD4DD2AA-01CA-4B5B-B775-E0383CC418C0}.Release|Any CPU.Build.0 = Release|Any CPU
		{1D4FFA5B-8CDE-4027-992F-3119E4F3E837}.Debug|Any CPU.ActiveCfg = Debug|Any CPU
		{1D4FFA5B-8CDE-4027-992F-3119E4F3E837}.Debug|Any CPU.Build.0 = Debug|Any CPU
		{1D4FFA5B-8CDE-4027-992F-3119E4F3E837}.Release|Any CPU.ActiveCfg = Release|Any CPU
		{1D4FFA5B-8CDE-4027-992F-3119E4F3E837}.Release|Any CPU.Build.0 = Release|Any CPU
		{FF4FA482-6123-4681-A7E9-035DE3BDD500}.Debug|Any CPU.ActiveCfg = Debug|Any CPU
		{FF4FA482-6123-4681-A7E9-035DE3BDD500}.Debug|Any CPU.Build.0 = Debug|Any CPU
		{FF4FA482-6123-4681-A7E9-035DE3BDD500}.Release|Any CPU.ActiveCfg = Release|Any CPU
		{FF4FA482-6123-4681-A7E9-035DE3BDD500}.Release|Any CPU.Build.0 = Release|Any CPU
		{29579E4C-2E4D-4FFF-80DD-0065678A33E6}.Debug|Any CPU.ActiveCfg = Debug|Any CPU
		{29579E4C-2E4D-4FFF-80DD-0065678A33E6}.Debug|Any CPU.Build.0 = Debug|Any CPU
		{29579E4C-2E4D-4FFF-80DD-0065678A33E6}.Release|Any CPU.ActiveCfg = Release|Any CPU
		{29579E4C-2E4D-4FFF-80DD-0065678A33E6}.Release|Any CPU.Build.0 = Release|Any CPU
		{AD3712EB-AE48-4A07-8874-49D6868E7BCB}.Debug|Any CPU.ActiveCfg = Debug|Any CPU
		{AD3712EB-AE48-4A07-8874-49D6868E7BCB}.Debug|Any CPU.Build.0 = Debug|Any CPU
		{AD3712EB-AE48-4A07-8874-49D6868E7BCB}.Release|Any CPU.ActiveCfg = Release|Any CPU
		{AD3712EB-AE48-4A07-8874-49D6868E7BCB}.Release|Any CPU.Build.0 = Release|Any CPU
		{629FD990-65A6-4ED7-A2BD-E77FEC93D75B}.Debug|Any CPU.ActiveCfg = Debug|Any CPU
		{629FD990-65A6-4ED7-A2BD-E77FEC93D75B}.Debug|Any CPU.Build.0 = Debug|Any CPU
		{629FD990-65A6-4ED7-A2BD-E77FEC93D75B}.Release|Any CPU.ActiveCfg = Release|Any CPU
		{629FD990-65A6-4ED7-A2BD-E77FEC93D75B}.Release|Any CPU.Build.0 = Release|Any CPU
		{51FDD172-E604-422D-8769-192B7DEB4C09}.Debug|Any CPU.ActiveCfg = Debug|Any CPU
		{51FDD172-E604-422D-8769-192B7DEB4C09}.Debug|Any CPU.Build.0 = Debug|Any CPU
		{51FDD172-E604-422D-8769-192B7DEB4C09}.Release|Any CPU.ActiveCfg = Release|Any CPU
		{51FDD172-E604-422D-8769-192B7DEB4C09}.Release|Any CPU.Build.0 = Release|Any CPU
	EndGlobalSection
	GlobalSection(SolutionProperties) = preSolution
		HideSolutionNode = FALSE
	EndGlobalSection
	GlobalSection(NestedProjects) = preSolution
		{8DD6213A-8417-4357-B8BF-4C6AEAD4E41F} = {8DD9B5EC-14B4-4451-9C33-61D55CCF680B}
		{1149B5C8-9F32-4C6C-84CB-DECBD6DFAC76} = {12F94B51-C717-4568-85FB-A7E12B678EE9}
		{BA2B2F94-F0A4-4405-83D9-37FB3B240209} = {12F94B51-C717-4568-85FB-A7E12B678EE9}
		{307FB8F3-F148-43D7-853E-BC33C6F23F24} = {EA5217DA-16A4-454C-BDF1-9D0917BEBF84}
		{DD4DD2AA-01CA-4B5B-B775-E0383CC418C0} = {EA5217DA-16A4-454C-BDF1-9D0917BEBF84}
		{1D4FFA5B-8CDE-4027-992F-3119E4F3E837} = {021B53A3-74E4-4FE0-9C1D-70500A7B68F1}
		{FF4FA482-6123-4681-A7E9-035DE3BDD500} = {021B53A3-74E4-4FE0-9C1D-70500A7B68F1}
		{29579E4C-2E4D-4FFF-80DD-0065678A33E6} = {EA5217DA-16A4-454C-BDF1-9D0917BEBF84}
		{AD3712EB-AE48-4A07-8874-49D6868E7BCB} = {12F94B51-C717-4568-85FB-A7E12B678EE9}
		{629FD990-65A6-4ED7-A2BD-E77FEC93D75B} = {8DD9B5EC-14B4-4451-9C33-61D55CCF680B}
		{51FDD172-E604-422D-8769-192B7DEB4C09} = {EA5217DA-16A4-454C-BDF1-9D0917BEBF84}
	EndGlobalSection
	GlobalSection(ExtensibilityGlobals) = postSolution
		SolutionGuid = {311FB0D1-37A4-4E0D-8627-F6DAD4C6CA81}
	EndGlobalSection
EndGlobal
